{
  "nodes": {
    "nixpkgs": {
      "locked": {
        "lastModified": 1640642730,
        "narHash": "sha256-+CEqjEird1aRaIlx4G1Cpc7XH+NVmy/mQvteiICsycU=",
        "owner": "NixOS",
        "repo": "nixpkgs",
        "rev": "7efd936e4fbe267dbb3c1b572a4a381282ac2bac",
        "type": "github"
      },
      "original": {
        "id": "nixpkgs",
        "ref": "nixos-unstable-small",
        "type": "indirect"
      }
    },
    "root": {
      "inputs": {
        "nixpkgs": "nixpkgs"
      }
    }
  },
  "root": "root",
  "version": 7
}
