{
  "nodes": {
    "nixpkgs": {
      "locked": {
        "lastModified": 1639581086,
        "narHash": "sha256-qW3NKxq1W9z/L2QVL3X+rzjbIDFqIpBYThj9b89e30I=",
        "owner": "NixOS",
        "repo": "nixpkgs",
        "rev": "c9cf5729cf63b2e1b45b8a40833fb18cb8d4b8af",
        "type": "github"
      },
      "original": {
        "id": "nixpkgs",
        "ref": "nixos-unstable-small",
        "type": "indirect"
      }
    },
    "root": {
      "inputs": {
        "nixpkgs": "nixpkgs"
      }
    }
  },
  "root": "root",
  "version": 7
}
