{
  "nodes": {
    "nixpkgs": {
      "locked": {
        "lastModified": 1642373004,
        "narHash": "sha256-AZ1fTklT9OkLFtmZ8qMbQ2Uf1dF0+np3WjnTIIquApA=",
        "owner": "NixOS",
        "repo": "nixpkgs",
        "rev": "b13052a35a63e1ea9eba916ffe48886ab7af58ce",
        "type": "github"
      },
      "original": {
        "id": "nixpkgs",
        "ref": "nixos-unstable-small",
        "type": "indirect"
      }
    },
    "root": {
      "inputs": {
        "nixpkgs": "nixpkgs"
      }
    }
  },
  "root": "root",
  "version": 7
}
